// !$*UTF8*$!
{
	archiveVersion = 1;
	classes = {
	};
	objectVersion = 56;
	objects = {

/* Begin PBXBuildFile section */
		A839C13D2B113EF400394E50 /* main.cpp in Sources */ = {isa = PBXBuildFile; fileRef = A839C1392B113EF400394E50 /* main.cpp */; };
		A840F9032C792AEA0079B2BF /* Point.cpp in Sources */ = {isa = PBXBuildFile; fileRef = A840F9022C792AEA0079B2BF /* Point.cpp */; };
		A840F9062C792C2A0079B2BF /* HashablePoint.cpp in Sources */ = {isa = PBXBuildFile; fileRef = A840F9042C792C2A0079B2BF /* HashablePoint.cpp */; };
		A840F90F2C7A107A0079B2BF /* DrawPoint.cpp in Sources */ = {isa = PBXBuildFile; fileRef = A840F90D2C7A107A0079B2BF /* DrawPoint.cpp */; };
		A883EB992C976DD6004D259D /* AlgorithmSystem.cpp in Sources */ = {isa = PBXBuildFile; fileRef = A883EB982C976DD6004D259D /* AlgorithmSystem.cpp */; };
		A883EB9F2C977DB0004D259D /* PointsSystem.cpp in Sources */ = {isa = PBXBuildFile; fileRef = A883EB9D2C977DB0004D259D /* PointsSystem.cpp */; };
		A8D5220F2C0B778000611737 /* Window.cpp in Sources */ = {isa = PBXBuildFile; fileRef = A8D5220D2C0B778000611737 /* Window.cpp */; };
		A8D522272C0B97C600611737 /* ClassAnt.cpp in Sources */ = {isa = PBXBuildFile; fileRef = A8D522222C0B97C600611737 /* ClassAnt.cpp */; };
		A8D522282C0B97C600611737 /* AntColony.cpp in Sources */ = {isa = PBXBuildFile; fileRef = A8D522232C0B97C600611737 /* AntColony.cpp */; };
		A8D522322C0BA68B00611737 /* BrutForce.cpp in Sources */ = {isa = PBXBuildFile; fileRef = A8D522312C0BA68B00611737 /* BrutForce.cpp */; };
		A8D5223A2C0BB49100611737 /* draw.cpp in Sources */ = {isa = PBXBuildFile; fileRef = A8D522392C0BB49100611737 /* draw.cpp */; };
		A8D5223D2C0BD2D200611737 /* Utils.cpp in Sources */ = {isa = PBXBuildFile; fileRef = A8D5223B2C0BD2D200611737 /* Utils.cpp */; };
/* End PBXBuildFile section */

/* Begin PBXCopyFilesBuildPhase section */
		A839C11C2B113E7D00394E50 /* CopyFiles */ = {
			isa = PBXCopyFilesBuildPhase;
			buildActionMask = 2147483647;
			dstPath = /usr/share/man/man1/;
			dstSubfolderSpec = 0;
			files = (
			);
			runOnlyForDeploymentPostprocessing = 1;
		};
/* End PBXCopyFilesBuildPhase section */

/* Begin PBXFileReference section */
		A839C11E2B113E7D00394E50 /* Ant-Algorithm */ = {isa = PBXFileReference; explicitFileType = "compiled.mach-o.executable"; includeInIndex = 0; path = "Ant-Algorithm"; sourceTree = BUILT_PRODUCTS_DIR; };
		A839C1392B113EF400394E50 /* main.cpp */ = {isa = PBXFileReference; fileEncoding = 4; lastKnownFileType = sourcecode.cpp.cpp; path = main.cpp; sourceTree = "<group>"; };
		A840F9012C792AEA0079B2BF /* Point.hpp */ = {isa = PBXFileReference; fileEncoding = 4; lastKnownFileType = sourcecode.cpp.h; path = Point.hpp; sourceTree = "<group>"; };
		A840F9022C792AEA0079B2BF /* Point.cpp */ = {isa = PBXFileReference; fileEncoding = 4; lastKnownFileType = sourcecode.cpp.cpp; path = Point.cpp; sourceTree = "<group>"; };
		A840F9042C792C2A0079B2BF /* HashablePoint.cpp */ = {isa = PBXFileReference; lastKnownFileType = sourcecode.cpp.cpp; path = HashablePoint.cpp; sourceTree = "<group>"; };
		A840F9052C792C2A0079B2BF /* HashablePoint.hpp */ = {isa = PBXFileReference; lastKnownFileType = sourcecode.cpp.h; path = HashablePoint.hpp; sourceTree = "<group>"; };
		A840F9082C792DF00079B2BF /* HashablePoint.ipp */ = {isa = PBXFileReference; fileEncoding = 4; lastKnownFileType = sourcecode.cpp.h; path = HashablePoint.ipp; sourceTree = "<group>"; };
		A840F90D2C7A107A0079B2BF /* DrawPoint.cpp */ = {isa = PBXFileReference; lastKnownFileType = sourcecode.cpp.cpp; path = DrawPoint.cpp; sourceTree = "<group>"; };
		A840F90E2C7A107A0079B2BF /* DrawPoint.hpp */ = {isa = PBXFileReference; lastKnownFileType = sourcecode.cpp.h; path = DrawPoint.hpp; sourceTree = "<group>"; };
		A840F9142C7BD1FC0079B2BF /* DrawConstans.hpp */ = {isa = PBXFileReference; lastKnownFileType = sourcecode.cpp.h; path = DrawConstans.hpp; sourceTree = "<group>"; };
		A840F9252C84DD1B0079B2BF /* PointObject.hpp */ = {isa = PBXFileReference; lastKnownFileType = sourcecode.cpp.h; path = PointObject.hpp; sourceTree = "<group>"; };
		A883EB932C97653A004D259D /* ColonyUtils.hpp */ = {isa = PBXFileReference; lastKnownFileType = sourcecode.cpp.h; path = ColonyUtils.hpp; sourceTree = "<group>"; };
		A883EB972C976DD6004D259D /* AlgorithmSystem.hpp */ = {isa = PBXFileReference; fileEncoding = 4; lastKnownFileType = sourcecode.cpp.h; path = AlgorithmSystem.hpp; sourceTree = "<group>"; };
		A883EB982C976DD6004D259D /* AlgorithmSystem.cpp */ = {isa = PBXFileReference; fileEncoding = 4; lastKnownFileType = sourcecode.cpp.cpp; path = AlgorithmSystem.cpp; sourceTree = "<group>"; };
		A883EB9D2C977DB0004D259D /* PointsSystem.cpp */ = {isa = PBXFileReference; fileEncoding = 4; lastKnownFileType = sourcecode.cpp.cpp; path = PointsSystem.cpp; sourceTree = "<group>"; };
		A883EB9E2C977DB0004D259D /* PointsSystem.hpp */ = {isa = PBXFileReference; fileEncoding = 4; lastKnownFileType = sourcecode.cpp.h; path = PointsSystem.hpp; sourceTree = "<group>"; };
		A883EBA32C981EB6004D259D /* ClassUtils.hpp */ = {isa = PBXFileReference; fileEncoding = 4; lastKnownFileType = sourcecode.cpp.h; path = ClassUtils.hpp; sourceTree = "<group>"; };
		A8D5220D2C0B778000611737 /* Window.cpp */ = {isa = PBXFileReference; lastKnownFileType = sourcecode.cpp.cpp; path = Window.cpp; sourceTree = "<group>"; };
		A8D5220E2C0B778000611737 /* Window.hpp */ = {isa = PBXFileReference; lastKnownFileType = sourcecode.cpp.h; path = Window.hpp; sourceTree = "<group>"; };
		A8D522222C0B97C600611737 /* ClassAnt.cpp */ = {isa = PBXFileReference; fileEncoding = 4; lastKnownFileType = sourcecode.cpp.cpp; path = ClassAnt.cpp; sourceTree = "<group>"; };
		A8D522232C0B97C600611737 /* AntColony.cpp */ = {isa = PBXFileReference; fileEncoding = 4; lastKnownFileType = sourcecode.cpp.cpp; path = AntColony.cpp; sourceTree = "<group>"; };
		A8D522252C0B97C600611737 /* ClassAnt.hpp */ = {isa = PBXFileReference; fileEncoding = 4; lastKnownFileType = sourcecode.cpp.h; path = ClassAnt.hpp; sourceTree = "<group>"; };
		A8D522262C0B97C600611737 /* AntColony.hpp */ = {isa = PBXFileReference; fileEncoding = 4; lastKnownFileType = sourcecode.cpp.h; path = AntColony.hpp; sourceTree = "<group>"; };
		A8D5222B2C0BA31400611737 /* BaseAlgorithm.hpp */ = {isa = PBXFileReference; lastKnownFileType = sourcecode.cpp.h; path = BaseAlgorithm.hpp; sourceTree = "<group>"; };
		A8D522302C0BA68B00611737 /* BrutForce.hpp */ = {isa = PBXFileReference; fileEncoding = 4; lastKnownFileType = sourcecode.cpp.h; path = BrutForce.hpp; sourceTree = "<group>"; };
		A8D522312C0BA68B00611737 /* BrutForce.cpp */ = {isa = PBXFileReference; fileEncoding = 4; lastKnownFileType = sourcecode.cpp.cpp; path = BrutForce.cpp; sourceTree = "<group>"; };
		A8D522382C0BB49100611737 /* draw.hpp */ = {isa = PBXFileReference; fileEncoding = 4; lastKnownFileType = sourcecode.cpp.h; path = draw.hpp; sourceTree = "<group>"; };
		A8D522392C0BB49100611737 /* draw.cpp */ = {isa = PBXFileReference; fileEncoding = 4; lastKnownFileType = sourcecode.cpp.cpp; path = draw.cpp; sourceTree = "<group>"; };
		A8D5223B2C0BD2D200611737 /* Utils.cpp */ = {isa = PBXFileReference; lastKnownFileType = sourcecode.cpp.cpp; path = Utils.cpp; sourceTree = "<group>"; };
		A8D5223C2C0BD2D200611737 /* Utils.hpp */ = {isa = PBXFileReference; lastKnownFileType = sourcecode.cpp.h; path = Utils.hpp; sourceTree = "<group>"; };
		A8FD3CF32B114873001AAE24 /* README.md */ = {isa = PBXFileReference; fileEncoding = 4; lastKnownFileType = net.daringfireball.markdown; path = README.md; sourceTree = SOURCE_ROOT; };
/* End PBXFileReference section */

/* Begin PBXFrameworksBuildPhase section */
		A839C11B2B113E7D00394E50 /* Frameworks */ = {
			isa = PBXFrameworksBuildPhase;
			buildActionMask = 2147483647;
			files = (
			);
			runOnlyForDeploymentPostprocessing = 0;
		};
/* End PBXFrameworksBuildPhase section */

/* Begin PBXGroup section */
		A839C1152B113E7C00394E50 = {
			isa = PBXGroup;
			children = (
				A839C1322B113EF400394E50 /* Ant-Algorithm */,
				A839C11F2B113E7D00394E50 /* Products */,
			);
			sourceTree = "<group>";
		};
		A839C11F2B113E7D00394E50 /* Products */ = {
			isa = PBXGroup;
			children = (
				A839C11E2B113E7D00394E50 /* Ant-Algorithm */,
			);
			name = Products;
			sourceTree = "<group>";
		};
		A839C1322B113EF400394E50 /* Ant-Algorithm */ = {
			isa = PBXGroup;
			children = (
				A883EB962C976DD6004D259D /* Systems */,
				A8D522092C0B772F00611737 /* Graphics */,
				A840F9202C84DCD70079B2BF /* Objects */,
				A8D5221A2C0B972C00611737 /* Math */,
				A8FD3CF32B114873001AAE24 /* README.md */,
				A883EBA32C981EB6004D259D /* ClassUtils.hpp */,
				A839C1392B113EF400394E50 /* main.cpp */,
			);
			path = "Ant-Algorithm";
			sourceTree = "<group>";
		};
		A840F9002C792AEA0079B2BF /* point */ = {
			isa = PBXGroup;
			children = (
				A840F9082C792DF00079B2BF /* HashablePoint.ipp */,
				A840F9012C792AEA0079B2BF /* Point.hpp */,
				A840F9022C792AEA0079B2BF /* Point.cpp */,
				A840F9042C792C2A0079B2BF /* HashablePoint.cpp */,
				A840F9052C792C2A0079B2BF /* HashablePoint.hpp */,
			);
			path = point;
			sourceTree = "<group>";
		};
		A840F90C2C7A10680079B2BF /* objects */ = {
			isa = PBXGroup;
			children = (
				A840F90D2C7A107A0079B2BF /* DrawPoint.cpp */,
				A840F90E2C7A107A0079B2BF /* DrawPoint.hpp */,
			);
			path = objects;
			sourceTree = "<group>";
		};
		A840F9202C84DCD70079B2BF /* Objects */ = {
			isa = PBXGroup;
			children = (
				A840F9252C84DD1B0079B2BF /* PointObject.hpp */,
			);
			path = Objects;
			sourceTree = "<group>";
		};
		A883EB962C976DD6004D259D /* Systems */ = {
			isa = PBXGroup;
			children = (
				A883EB9D2C977DB0004D259D /* PointsSystem.cpp */,
				A883EB9E2C977DB0004D259D /* PointsSystem.hpp */,
				A883EB972C976DD6004D259D /* AlgorithmSystem.hpp */,
				A883EB982C976DD6004D259D /* AlgorithmSystem.cpp */,
			);
			path = Systems;
			sourceTree = "<group>";
		};
		A8D522092C0B772F00611737 /* Graphics */ = {
			isa = PBXGroup;
			children = (
				A840F9142C7BD1FC0079B2BF /* DrawConstans.hpp */,
				A8D522372C0BB49100611737 /* Drawer */,
				A8D5220D2C0B778000611737 /* Window.cpp */,
				A8D5220E2C0B778000611737 /* Window.hpp */,
			);
			path = Graphics;
			sourceTree = "<group>";
		};
		A8D5221A2C0B972C00611737 /* Math */ = {
			isa = PBXGroup;
			children = (
				A840F9002C792AEA0079B2BF /* point */,
				A8D5222F2C0BA68B00611737 /* BrutForce */,
				A8D522202C0B97C600611737 /* AntMathColony */,
				A8D5222B2C0BA31400611737 /* BaseAlgorithm.hpp */,
				A8D5223B2C0BD2D200611737 /* Utils.cpp */,
				A8D5223C2C0BD2D200611737 /* Utils.hpp */,
			);
			path = Math;
			sourceTree = "<group>";
		};
		A8D522202C0B97C600611737 /* AntMathColony */ = {
			isa = PBXGroup;
			children = (
				A8D522222C0B97C600611737 /* ClassAnt.cpp */,
				A8D522232C0B97C600611737 /* AntColony.cpp */,
				A8D522252C0B97C600611737 /* ClassAnt.hpp */,
				A8D522262C0B97C600611737 /* AntColony.hpp */,
				A883EB932C97653A004D259D /* ColonyUtils.hpp */,
			);
			path = AntMathColony;
			sourceTree = "<group>";
		};
		A8D5222F2C0BA68B00611737 /* BrutForce */ = {
			isa = PBXGroup;
			children = (
				A8D522302C0BA68B00611737 /* BrutForce.hpp */,
				A8D522312C0BA68B00611737 /* BrutForce.cpp */,
			);
			path = BrutForce;
			sourceTree = "<group>";
		};
		A8D522372C0BB49100611737 /* Drawer */ = {
			isa = PBXGroup;
			children = (
				A840F90C2C7A10680079B2BF /* objects */,
				A8D522382C0BB49100611737 /* draw.hpp */,
				A8D522392C0BB49100611737 /* draw.cpp */,
			);
			path = Drawer;
			sourceTree = "<group>";
		};
/* End PBXGroup section */

/* Begin PBXNativeTarget section */
		A839C11D2B113E7D00394E50 /* Ant-Algorithm */ = {
			isa = PBXNativeTarget;
			buildConfigurationList = A839C1252B113E7D00394E50 /* Build configuration list for PBXNativeTarget "Ant-Algorithm" */;
			buildPhases = (
				A839C11A2B113E7D00394E50 /* Sources */,
				A839C11B2B113E7D00394E50 /* Frameworks */,
				A839C11C2B113E7D00394E50 /* CopyFiles */,
			);
			buildRules = (
			);
			dependencies = (
			);
			name = "Ant-Algorithm";
			productName = "Ant-Algorithm";
			productReference = A839C11E2B113E7D00394E50 /* Ant-Algorithm */;
			productType = "com.apple.product-type.tool";
		};
/* End PBXNativeTarget section */

/* Begin PBXProject section */
		A839C1162B113E7C00394E50 /* Project object */ = {
			isa = PBXProject;
			attributes = {
				BuildIndependentTargetsInParallel = 1;
				LastUpgradeCheck = 1500;
				TargetAttributes = {
					A839C11D2B113E7D00394E50 = {
						CreatedOnToolsVersion = 15.0;
					};
				};
			};
			buildConfigurationList = A839C1192B113E7C00394E50 /* Build configuration list for PBXProject "Ant-Algorithm" */;
			compatibilityVersion = "Xcode 14.0";
			developmentRegion = en;
			hasScannedForEncodings = 0;
			knownRegions = (
				en,
				Base,
			);
			mainGroup = A839C1152B113E7C00394E50;
			productRefGroup = A839C11F2B113E7D00394E50 /* Products */;
			projectDirPath = "";
			projectRoot = "";
			targets = (
				A839C11D2B113E7D00394E50 /* Ant-Algorithm */,
			);
		};
/* End PBXProject section */

/* Begin PBXSourcesBuildPhase section */
		A839C11A2B113E7D00394E50 /* Sources */ = {
			isa = PBXSourcesBuildPhase;
			buildActionMask = 2147483647;
			files = (
				A883EB992C976DD6004D259D /* AlgorithmSystem.cpp in Sources */,
				A839C13D2B113EF400394E50 /* main.cpp in Sources */,
				A8D522322C0BA68B00611737 /* BrutForce.cpp in Sources */,
				A840F9062C792C2A0079B2BF /* HashablePoint.cpp in Sources */,
				A8D5223D2C0BD2D200611737 /* Utils.cpp in Sources */,
				A840F9032C792AEA0079B2BF /* Point.cpp in Sources */,
				A883EB9F2C977DB0004D259D /* PointsSystem.cpp in Sources */,
				A8D5223A2C0BB49100611737 /* draw.cpp in Sources */,
				A8D5220F2C0B778000611737 /* Window.cpp in Sources */,
				A8D522272C0B97C600611737 /* ClassAnt.cpp in Sources */,
				A8D522282C0B97C600611737 /* AntColony.cpp in Sources */,
				A840F90F2C7A107A0079B2BF /* DrawPoint.cpp in Sources */,
			);
			runOnlyForDeploymentPostprocessing = 0;
		};
/* End PBXSourcesBuildPhase section */

/* Begin XCBuildConfiguration section */
		A839C1232B113E7D00394E50 /* Debug */ = {
			isa = XCBuildConfiguration;
			buildSettings = {
				ALWAYS_SEARCH_USER_PATHS = NO;
				ASSETCATALOG_COMPILER_GENERATE_SWIFT_ASSET_SYMBOL_EXTENSIONS = YES;
				CLANG_ANALYZER_NONNULL = YES;
				CLANG_ANALYZER_NUMBER_OBJECT_CONVERSION = YES_AGGRESSIVE;
				CLANG_CXX_LANGUAGE_STANDARD = "gnu++20";
				CLANG_ENABLE_MODULES = YES;
				CLANG_ENABLE_OBJC_ARC = YES;
				CLANG_ENABLE_OBJC_WEAK = YES;
				CLANG_WARN_BLOCK_CAPTURE_AUTORELEASING = YES;
				CLANG_WARN_BOOL_CONVERSION = YES;
				CLANG_WARN_COMMA = YES;
				CLANG_WARN_CONSTANT_CONVERSION = YES;
				CLANG_WARN_DEPRECATED_OBJC_IMPLEMENTATIONS = YES;
				CLANG_WARN_DIRECT_OBJC_ISA_USAGE = YES_ERROR;
				CLANG_WARN_DOCUMENTATION_COMMENTS = YES;
				CLANG_WARN_EMPTY_BODY = YES;
				CLANG_WARN_ENUM_CONVERSION = YES;
				CLANG_WARN_INFINITE_RECURSION = YES;
				CLANG_WARN_INT_CONVERSION = YES;
				CLANG_WARN_NON_LITERAL_NULL_CONVERSION = YES;
				CLANG_WARN_OBJC_IMPLICIT_RETAIN_SELF = YES;
				CLANG_WARN_OBJC_LITERAL_CONVERSION = YES;
				CLANG_WARN_OBJC_ROOT_CLASS = YES_ERROR;
				CLANG_WARN_QUOTED_INCLUDE_IN_FRAMEWORK_HEADER = YES;
				CLANG_WARN_RANGE_LOOP_ANALYSIS = YES;
				CLANG_WARN_STRICT_PROTOTYPES = YES;
				CLANG_WARN_SUSPICIOUS_MOVE = YES;
				CLANG_WARN_UNGUARDED_AVAILABILITY = YES_AGGRESSIVE;
				CLANG_WARN_UNREACHABLE_CODE = YES;
				CLANG_WARN__DUPLICATE_METHOD_MATCH = YES;
				COPY_PHASE_STRIP = NO;
				DEBUG_INFORMATION_FORMAT = dwarf;
				ENABLE_STRICT_OBJC_MSGSEND = YES;
				ENABLE_TESTABILITY = YES;
				ENABLE_USER_SCRIPT_SANDBOXING = YES;
				GCC_C_LANGUAGE_STANDARD = gnu17;
				GCC_DYNAMIC_NO_PIC = NO;
				GCC_NO_COMMON_BLOCKS = YES;
				GCC_OPTIMIZATION_LEVEL = 0;
				GCC_PREPROCESSOR_DEFINITIONS = (
					"DEBUG=1",
					"$(inherited)",
				);
				GCC_WARN_64_TO_32_BIT_CONVERSION = YES;
				GCC_WARN_ABOUT_RETURN_TYPE = YES_ERROR;
				GCC_WARN_UNDECLARED_SELECTOR = YES;
				GCC_WARN_UNINITIALIZED_AUTOS = YES_AGGRESSIVE;
				GCC_WARN_UNUSED_FUNCTION = YES;
				GCC_WARN_UNUSED_VARIABLE = YES;
				LOCALIZATION_PREFERS_STRING_CATALOGS = YES;
				MACOSX_DEPLOYMENT_TARGET = 14.0;
				MTL_ENABLE_DEBUG_INFO = INCLUDE_SOURCE;
				MTL_FAST_MATH = YES;
				ONLY_ACTIVE_ARCH = YES;
				SDKROOT = macosx;
			};
			name = Debug;
		};
		A839C1242B113E7D00394E50 /* Release */ = {
			isa = XCBuildConfiguration;
			buildSettings = {
				ALWAYS_SEARCH_USER_PATHS = NO;
				ASSETCATALOG_COMPILER_GENERATE_SWIFT_ASSET_SYMBOL_EXTENSIONS = YES;
				CLANG_ANALYZER_NONNULL = YES;
				CLANG_ANALYZER_NUMBER_OBJECT_CONVERSION = YES_AGGRESSIVE;
				CLANG_CXX_LANGUAGE_STANDARD = "gnu++20";
				CLANG_ENABLE_MODULES = YES;
				CLANG_ENABLE_OBJC_ARC = YES;
				CLANG_ENABLE_OBJC_WEAK = YES;
				CLANG_WARN_BLOCK_CAPTURE_AUTORELEASING = YES;
				CLANG_WARN_BOOL_CONVERSION = YES;
				CLANG_WARN_COMMA = YES;
				CLANG_WARN_CONSTANT_CONVERSION = YES;
				CLANG_WARN_DEPRECATED_OBJC_IMPLEMENTATIONS = YES;
				CLANG_WARN_DIRECT_OBJC_ISA_USAGE = YES_ERROR;
				CLANG_WARN_DOCUMENTATION_COMMENTS = YES;
				CLANG_WARN_EMPTY_BODY = YES;
				CLANG_WARN_ENUM_CONVERSION = YES;
				CLANG_WARN_INFINITE_RECURSION = YES;
				CLANG_WARN_INT_CONVERSION = YES;
				CLANG_WARN_NON_LITERAL_NULL_CONVERSION = YES;
				CLANG_WARN_OBJC_IMPLICIT_RETAIN_SELF = YES;
				CLANG_WARN_OBJC_LITERAL_CONVERSION = YES;
				CLANG_WARN_OBJC_ROOT_CLASS = YES_ERROR;
				CLANG_WARN_QUOTED_INCLUDE_IN_FRAMEWORK_HEADER = YES;
				CLANG_WARN_RANGE_LOOP_ANALYSIS = YES;
				CLANG_WARN_STRICT_PROTOTYPES = YES;
				CLANG_WARN_SUSPICIOUS_MOVE = YES;
				CLANG_WARN_UNGUARDED_AVAILABILITY = YES_AGGRESSIVE;
				CLANG_WARN_UNREACHABLE_CODE = YES;
				CLANG_WARN__DUPLICATE_METHOD_MATCH = YES;
				COPY_PHASE_STRIP = NO;
				DEBUG_INFORMATION_FORMAT = "dwarf-with-dsym";
				ENABLE_NS_ASSERTIONS = NO;
				ENABLE_STRICT_OBJC_MSGSEND = YES;
				ENABLE_USER_SCRIPT_SANDBOXING = YES;
				GCC_C_LANGUAGE_STANDARD = gnu17;
				GCC_NO_COMMON_BLOCKS = YES;
				GCC_WARN_64_TO_32_BIT_CONVERSION = YES;
				GCC_WARN_ABOUT_RETURN_TYPE = YES_ERROR;
				GCC_WARN_UNDECLARED_SELECTOR = YES;
				GCC_WARN_UNINITIALIZED_AUTOS = YES_AGGRESSIVE;
				GCC_WARN_UNUSED_FUNCTION = YES;
				GCC_WARN_UNUSED_VARIABLE = YES;
				LOCALIZATION_PREFERS_STRING_CATALOGS = YES;
				MACOSX_DEPLOYMENT_TARGET = 14.0;
				MTL_ENABLE_DEBUG_INFO = NO;
				MTL_FAST_MATH = YES;
				SDKROOT = macosx;
			};
			name = Release;
		};
		A839C1262B113E7D00394E50 /* Debug */ = {
			isa = XCBuildConfiguration;
			buildSettings = {
				CODE_SIGN_STYLE = Automatic;
				EXCLUDED_RECURSIVE_SEARCH_PATH_SUBDIRECTORIES = "*.nib *.lproj *.framework *.gch *.xcode* *.xcassets (*) .DS_Store CVS .svn .git .hg *.pbproj *.pbxproj *.xcodeproj Ant-Algorithm.xcodeproj";
				HEADER_SEARCH_PATHS = /opt/homebrew/Cellar/sfml/2.6.0/include/;
				LIBRARY_SEARCH_PATHS = /opt/homebrew/Cellar/sfml/2.6.0/lib/;
				OTHER_CPLUSPLUSFLAGS = "-std=c++20";
				OTHER_LDFLAGS = (
					"-lsfml-graphics",
					"-lsfml-window",
					"-lsfml-system",
				);
				PRODUCT_NAME = "$(TARGET_NAME)";
			};
			name = Debug;
		};
		A839C1272B113E7D00394E50 /* Release */ = {
			isa = XCBuildConfiguration;
			buildSettings = {
				CODE_SIGN_STYLE = Automatic;
				EXCLUDED_RECURSIVE_SEARCH_PATH_SUBDIRECTORIES = "*.nib *.lproj *.framework *.gch *.xcode* *.xcassets (*) .DS_Store CVS .svn .git .hg *.pbproj *.pbxproj *.xcodeproj Ant-Algorithm.xcodeproj";
				HEADER_SEARCH_PATHS = /opt/homebrew/Cellar/sfml/2.6.0/include/;
				LIBRARY_SEARCH_PATHS = /opt/homebrew/Cellar/sfml/2.6.0/lib/;
				OTHER_CPLUSPLUSFLAGS = "-std=c++20";
				OTHER_LDFLAGS = (
					"-lsfml-graphics",
					"-lsfml-window",
					"-lsfml-system",
				);
				PRODUCT_NAME = "$(TARGET_NAME)";
			};
			name = Release;
		};
/* End XCBuildConfiguration section */

/* Begin XCConfigurationList section */
		A839C1192B113E7C00394E50 /* Build configuration list for PBXProject "Ant-Algorithm" */ = {
			isa = XCConfigurationList;
			buildConfigurations = (
				A839C1232B113E7D00394E50 /* Debug */,
				A839C1242B113E7D00394E50 /* Release */,
			);
			defaultConfigurationIsVisible = 0;
			defaultConfigurationName = Release;
		};
		A839C1252B113E7D00394E50 /* Build configuration list for PBXNativeTarget "Ant-Algorithm" */ = {
			isa = XCConfigurationList;
			buildConfigurations = (
				A839C1262B113E7D00394E50 /* Debug */,
				A839C1272B113E7D00394E50 /* Release */,
			);
			defaultConfigurationIsVisible = 0;
			defaultConfigurationName = Release;
		};
/* End XCConfigurationList section */
	};
	rootObject = A839C1162B113E7C00394E50 /* Project object */;
}
